
Microsoft Visual Studio Solution File, Format Version 12.00
# Visual Studio Version 16
VisualStudioVersion = 16.0.30413.136
MinimumVisualStudioVersion = 10.0.40219.1
Project("{FAE04EC0-301F-11D3-BF4B-00C04F79EFBC}") = "ConsoleInterface", "ConsoleInterface\ConsoleInterface.csproj", "{7A430518-DE76-40DA-8792-160D6C36724F}"
EndProject
Project("{FAE04EC0-301F-11D3-BF4B-00C04F79EFBC}") = "ImageRecognizer", "ImageRecognizer\ImageRecognizer.csproj", "{82D4B90F-2769-469D-B3EC-32E52E6058E7}"
EndProject
Global
	GlobalSection(SolutionConfigurationPlatforms) = preSolution
		Debug|Any CPU = Debug|Any CPU
		Release|Any CPU = Release|Any CPU
	EndGlobalSection
	GlobalSection(ProjectConfigurationPlatforms) = postSolution
		{7A430518-DE76-40DA-8792-160D6C36724F}.Debug|Any CPU.ActiveCfg = Debug|Any CPU
		{7A430518-DE76-40DA-8792-160D6C36724F}.Debug|Any CPU.Build.0 = Debug|Any CPU
		{7A430518-DE76-40DA-8792-160D6C36724F}.Release|Any CPU.ActiveCfg = Release|Any CPU
		{7A430518-DE76-40DA-8792-160D6C36724F}.Release|Any CPU.Build.0 = Release|Any CPU
		{82D4B90F-2769-469D-B3EC-32E52E6058E7}.Debug|Any CPU.ActiveCfg = Debug|Any CPU
		{82D4B90F-2769-469D-B3EC-32E52E6058E7}.Debug|Any CPU.Build.0 = Debug|Any CPU
		{82D4B90F-2769-469D-B3EC-32E52E6058E7}.Release|Any CPU.ActiveCfg = Release|Any CPU
		{82D4B90F-2769-469D-B3EC-32E52E6058E7}.Release|Any CPU.Build.0 = Release|Any CPU
	EndGlobalSection
	GlobalSection(SolutionProperties) = preSolution
		HideSolutionNode = FALSE
	EndGlobalSection
	GlobalSection(ExtensibilityGlobals) = postSolution
		SolutionGuid = {B06E16D3-A576-4E66-B262-681A04890A37}
	EndGlobalSection
EndGlobal
